
Microsoft Visual Studio Solution File, Format Version 12.00
# Visual Studio Version 17
VisualStudioVersion = 17.13.35931.197 d17.13
MinimumVisualStudioVersion = 10.0.40219.1
Project("{FAE04EC0-301F-11D3-BF4B-00C04F79EFBC}") = "MySteamLibrary", "MySteamLibrary\MySteamLibrary.csproj", "{C94120CD-DBA3-4767-B2B2-39BEE301AE67}"
EndProject
Global
	GlobalSection(SolutionConfigurationPlatforms) = preSolution
		Debug|Any CPU = Debug|Any CPU
		Release|Any CPU = Release|Any CPU
	EndGlobalSection
	GlobalSection(ProjectConfigurationPlatforms) = postSolution
		{C94120CD-DBA3-4767-B2B2-39BEE301AE67}.Debug|Any CPU.ActiveCfg = Debug|Any CPU
		{C94120CD-DBA3-4767-B2B2-39BEE301AE67}.Debug|Any CPU.Build.0 = Debug|Any CPU
		{C94120CD-DBA3-4767-B2B2-39BEE301AE67}.Release|Any CPU.ActiveCfg = Release|Any CPU
		{C94120CD-DBA3-4767-B2B2-39BEE301AE67}.Release|Any CPU.Build.0 = Release|Any CPU
	EndGlobalSection
	GlobalSection(SolutionProperties) = preSolution
		HideSolutionNode = FALSE
	EndGlobalSection
	GlobalSection(ExtensibilityGlobals) = postSolution
		SolutionGuid = {A8A3EC5F-2F25-43E6-9F58-9C123265B478}
	EndGlobalSection
EndGlobal
